
Microsoft Visual Studio Solution File, Format Version 12.00
# Visual Studio Version 17
VisualStudioVersion = 17.0.31903.59
MinimumVisualStudioVersion = 10.0.40219.1
Project("{9A19103F-16F7-4668-BE54-9A1E7A4F7556}") = "Net6WPFPrism", "Net6WPFPrism.csproj", "{D14B6F93-4E40-4F6B-ABAA-FA52E668EE47}"
EndProject
Global
	GlobalSection(SolutionConfigurationPlatforms) = preSolution
		Debug|Any CPU = Debug|Any CPU
		Release|Any CPU = Release|Any CPU
	EndGlobalSection
	GlobalSection(ProjectConfigurationPlatforms) = postSolution
		{D14B6F93-4E40-4F6B-ABAA-FA52E668EE47}.Debug|Any CPU.ActiveCfg = Debug|Any CPU
		{D14B6F93-4E40-4F6B-ABAA-FA52E668EE47}.Debug|Any CPU.Build.0 = Debug|Any CPU
		{D14B6F93-4E40-4F6B-ABAA-FA52E668EE47}.Release|Any CPU.ActiveCfg = Release|Any CPU
		{D14B6F93-4E40-4F6B-ABAA-FA52E668EE47}.Release|Any CPU.Build.0 = Release|Any CPU
	EndGlobalSection
	GlobalSection(SolutionProperties) = preSolution
		HideSolutionNode = FALSE
	EndGlobalSection
	GlobalSection(ExtensibilityGlobals) = postSolution
		SolutionGuid = {B56FBC9B-DABC-41E7-B999-CF696A5200E1}
	EndGlobalSection
EndGlobal
