
Microsoft Visual Studio Solution File, Format Version 12.00
# Visual Studio Version 17
VisualStudioVersion = 17.0.31903.59
MinimumVisualStudioVersion = 10.0.40219.1
Project("{9A19103F-16F7-4668-BE54-9A1E7A4F7556}") = "MvcSqlServer", "MvcSqlServer.csproj", "{1B58B180-8DB0-4EE4-A34D-84E727886AB5}"
EndProject
Global
	GlobalSection(SolutionConfigurationPlatforms) = preSolution
		Debug|Any CPU = Debug|Any CPU
		Release|Any CPU = Release|Any CPU
	EndGlobalSection
	GlobalSection(ProjectConfigurationPlatforms) = postSolution
		{1B58B180-8DB0-4EE4-A34D-84E727886AB5}.Debug|Any CPU.ActiveCfg = Debug|Any CPU
		{1B58B180-8DB0-4EE4-A34D-84E727886AB5}.Debug|Any CPU.Build.0 = Debug|Any CPU
		{1B58B180-8DB0-4EE4-A34D-84E727886AB5}.Release|Any CPU.ActiveCfg = Release|Any CPU
		{1B58B180-8DB0-4EE4-A34D-84E727886AB5}.Release|Any CPU.Build.0 = Release|Any CPU
	EndGlobalSection
	GlobalSection(SolutionProperties) = preSolution
		HideSolutionNode = FALSE
	EndGlobalSection
	GlobalSection(ExtensibilityGlobals) = postSolution
		SolutionGuid = {E0F81784-ADB0-4667-8172-C65A5E14CBCA}
	EndGlobalSection
EndGlobal
