
Microsoft Visual Studio Solution File, Format Version 12.00
# Visual Studio Version 17
VisualStudioVersion = 17.0.31903.59
MinimumVisualStudioVersion = 10.0.40219.1
Project("{9A19103F-16F7-4668-BE54-9A1E7A4F7556}") = "Net6WinForms", "Net6WinForms.csproj", "{524512D6-70A1-41BA-BA31-CB3BD35AF761}"
EndProject
Global
	GlobalSection(SolutionConfigurationPlatforms) = preSolution
		Debug|Any CPU = Debug|Any CPU
		Release|Any CPU = Release|Any CPU
	EndGlobalSection
	GlobalSection(ProjectConfigurationPlatforms) = postSolution
		{524512D6-70A1-41BA-BA31-CB3BD35AF761}.Debug|Any CPU.ActiveCfg = Debug|Any CPU
		{524512D6-70A1-41BA-BA31-CB3BD35AF761}.Debug|Any CPU.Build.0 = Debug|Any CPU
		{524512D6-70A1-41BA-BA31-CB3BD35AF761}.Release|Any CPU.ActiveCfg = Release|Any CPU
		{524512D6-70A1-41BA-BA31-CB3BD35AF761}.Release|Any CPU.Build.0 = Release|Any CPU
	EndGlobalSection
	GlobalSection(SolutionProperties) = preSolution
		HideSolutionNode = FALSE
	EndGlobalSection
	GlobalSection(ExtensibilityGlobals) = postSolution
		SolutionGuid = {3B822D59-BE0E-4604-9423-E133A9DC97B4}
	EndGlobalSection
EndGlobal
