
Microsoft Visual Studio Solution File, Format Version 12.00
# Visual Studio Version 17
VisualStudioVersion = 17.0.32014.148
MinimumVisualStudioVersion = 10.0.40219.1
Project("{9A19103F-16F7-4668-BE54-9A1E7A4F7556}") = "WinFormsControlSample", "WinFormsControlSample.csproj", "{01D59EBC-709E-4FEC-AC63-B5433A7F649C}"
EndProject
Project("{9A19103F-16F7-4668-BE54-9A1E7A4F7556}") = "WinFormsControlSample.Test", "..\WinFormsControlSample.Test\WinFormsControlSample.Test.csproj", "{94228A96-BB75-4904-AED2-ACDAEAA95D57}"
EndProject
Global
	GlobalSection(SolutionConfigurationPlatforms) = preSolution
		Debug|Any CPU = Debug|Any CPU
		Release|Any CPU = Release|Any CPU
	EndGlobalSection
	GlobalSection(ProjectConfigurationPlatforms) = postSolution
		{01D59EBC-709E-4FEC-AC63-B5433A7F649C}.Debug|Any CPU.ActiveCfg = Debug|Any CPU
		{01D59EBC-709E-4FEC-AC63-B5433A7F649C}.Debug|Any CPU.Build.0 = Debug|Any CPU
		{01D59EBC-709E-4FEC-AC63-B5433A7F649C}.Release|Any CPU.ActiveCfg = Release|Any CPU
		{01D59EBC-709E-4FEC-AC63-B5433A7F649C}.Release|Any CPU.Build.0 = Release|Any CPU
		{94228A96-BB75-4904-AED2-ACDAEAA95D57}.Debug|Any CPU.ActiveCfg = Debug|Any CPU
		{94228A96-BB75-4904-AED2-ACDAEAA95D57}.Debug|Any CPU.Build.0 = Debug|Any CPU
		{94228A96-BB75-4904-AED2-ACDAEAA95D57}.Release|Any CPU.ActiveCfg = Release|Any CPU
		{94228A96-BB75-4904-AED2-ACDAEAA95D57}.Release|Any CPU.Build.0 = Release|Any CPU
	EndGlobalSection
	GlobalSection(SolutionProperties) = preSolution
		HideSolutionNode = FALSE
	EndGlobalSection
	GlobalSection(ExtensibilityGlobals) = postSolution
		SolutionGuid = {2B3FF4AF-0469-4879-B43B-E9AD4127EF71}
	EndGlobalSection
EndGlobal
