
Microsoft Visual Studio Solution File, Format Version 12.00
# Visual Studio Version 17
VisualStudioVersion = 17.0.32014.148
MinimumVisualStudioVersion = 10.0.40219.1
Project("{9A19103F-16F7-4668-BE54-9A1E7A4F7556}") = "ApiSqlServer", "ApiSqlServer.csproj", "{4EC15D55-54E1-4AAC-81FD-6B7C04E01983}"
EndProject
Global
	GlobalSection(SolutionConfigurationPlatforms) = preSolution
		Debug|Any CPU = Debug|Any CPU
		Release|Any CPU = Release|Any CPU
	EndGlobalSection
	GlobalSection(ProjectConfigurationPlatforms) = postSolution
		{4EC15D55-54E1-4AAC-81FD-6B7C04E01983}.Debug|Any CPU.ActiveCfg = Debug|Any CPU
		{4EC15D55-54E1-4AAC-81FD-6B7C04E01983}.Debug|Any CPU.Build.0 = Debug|Any CPU
		{4EC15D55-54E1-4AAC-81FD-6B7C04E01983}.Release|Any CPU.ActiveCfg = Release|Any CPU
		{4EC15D55-54E1-4AAC-81FD-6B7C04E01983}.Release|Any CPU.Build.0 = Release|Any CPU
	EndGlobalSection
	GlobalSection(SolutionProperties) = preSolution
		HideSolutionNode = FALSE
	EndGlobalSection
	GlobalSection(ExtensibilityGlobals) = postSolution
		SolutionGuid = {D7BD90F4-1006-4A01-9E09-55D92B4233EE}
	EndGlobalSection
EndGlobal
