
Microsoft Visual Studio Solution File, Format Version 12.00
# Visual Studio Version 17
VisualStudioVersion = 17.0.32014.148
MinimumVisualStudioVersion = 10.0.40219.1
Project("{9A19103F-16F7-4668-BE54-9A1E7A4F7556}") = "FuncTimer", "FuncTimer.csproj", "{CE79B56C-311B-4B99-A3A4-C2307B5053DC}"
EndProject
Global
	GlobalSection(SolutionConfigurationPlatforms) = preSolution
		Debug|Any CPU = Debug|Any CPU
		Release|Any CPU = Release|Any CPU
	EndGlobalSection
	GlobalSection(ProjectConfigurationPlatforms) = postSolution
		{CE79B56C-311B-4B99-A3A4-C2307B5053DC}.Debug|Any CPU.ActiveCfg = Debug|Any CPU
		{CE79B56C-311B-4B99-A3A4-C2307B5053DC}.Debug|Any CPU.Build.0 = Debug|Any CPU
		{CE79B56C-311B-4B99-A3A4-C2307B5053DC}.Release|Any CPU.ActiveCfg = Release|Any CPU
		{CE79B56C-311B-4B99-A3A4-C2307B5053DC}.Release|Any CPU.Build.0 = Release|Any CPU
	EndGlobalSection
	GlobalSection(SolutionProperties) = preSolution
		HideSolutionNode = FALSE
	EndGlobalSection
	GlobalSection(ExtensibilityGlobals) = postSolution
		SolutionGuid = {4739A492-AD12-4ED2-B929-AC150168F921}
	EndGlobalSection
EndGlobal
