
Microsoft Visual Studio Solution File, Format Version 12.00
# Visual Studio Version 17
VisualStudioVersion = 17.0.32014.148
MinimumVisualStudioVersion = 10.0.40219.1
Project("{9A19103F-16F7-4668-BE54-9A1E7A4F7556}") = "BlazorNoMenu", "BlazorNoMenu.csproj", "{4BC04C12-C89D-4FCC-AFEE-71796DEF51F7}"
EndProject
Global
	GlobalSection(SolutionConfigurationPlatforms) = preSolution
		Debug|Any CPU = Debug|Any CPU
		Release|Any CPU = Release|Any CPU
	EndGlobalSection
	GlobalSection(ProjectConfigurationPlatforms) = postSolution
		{4BC04C12-C89D-4FCC-AFEE-71796DEF51F7}.Debug|Any CPU.ActiveCfg = Debug|Any CPU
		{4BC04C12-C89D-4FCC-AFEE-71796DEF51F7}.Debug|Any CPU.Build.0 = Debug|Any CPU
		{4BC04C12-C89D-4FCC-AFEE-71796DEF51F7}.Release|Any CPU.ActiveCfg = Release|Any CPU
		{4BC04C12-C89D-4FCC-AFEE-71796DEF51F7}.Release|Any CPU.Build.0 = Release|Any CPU
	EndGlobalSection
	GlobalSection(SolutionProperties) = preSolution
		HideSolutionNode = FALSE
	EndGlobalSection
	GlobalSection(ExtensibilityGlobals) = postSolution
		SolutionGuid = {06D24D39-0858-4695-A3E5-E380D4E616DC}
	EndGlobalSection
EndGlobal
